
Microsoft Visual Studio Solution File, Format Version 11.00
# Visual Studio 2010
Project("{8BC9CEB8-8B4A-11D0-8D11-00A0C91BC942}") = "BoykaConsole", "BoykaConsole\BoykaConsole.vcxproj", "{09359BEC-20A4-4AF6-8506-C2F708D7E67E}"
EndProject
Project("{8BC9CEB8-8B4A-11D0-8D11-00A0C91BC942}") = "BoykaDLL", "BoykaDLL\BoykaDLL.vcxproj", "{FE853DE2-4C96-4C8F-91C6-4D1FEAEBBCD1}"
EndProject
Project("{8BC9CEB8-8B4A-11D0-8D11-00A0C91BC942}") = "BoykaMonitor", "BoykaMonitor\BoykaMonitor.vcxproj", "{9B180C56-F9E3-4742-9E15-BE59C3C73C51}"
EndProject
Global
	GlobalSection(SolutionConfigurationPlatforms) = preSolution
		Debug|Win32 = Debug|Win32
		Release|Win32 = Release|Win32
	EndGlobalSection
	GlobalSection(ProjectConfigurationPlatforms) = postSolution
		{09359BEC-20A4-4AF6-8506-C2F708D7E67E}.Debug|Win32.ActiveCfg = Debug|Win32
		{09359BEC-20A4-4AF6-8506-C2F708D7E67E}.Debug|Win32.Build.0 = Debug|Win32
		{09359BEC-20A4-4AF6-8506-C2F708D7E67E}.Release|Win32.ActiveCfg = Release|Win32
		{09359BEC-20A4-4AF6-8506-C2F708D7E67E}.Release|Win32.Build.0 = Release|Win32
		{FE853DE2-4C96-4C8F-91C6-4D1FEAEBBCD1}.Debug|Win32.ActiveCfg = Debug|Win32
		{FE853DE2-4C96-4C8F-91C6-4D1FEAEBBCD1}.Debug|Win32.Build.0 = Debug|Win32
		{FE853DE2-4C96-4C8F-91C6-4D1FEAEBBCD1}.Release|Win32.ActiveCfg = Release|Win32
		{FE853DE2-4C96-4C8F-91C6-4D1FEAEBBCD1}.Release|Win32.Build.0 = Release|Win32
		{9B180C56-F9E3-4742-9E15-BE59C3C73C51}.Debug|Win32.ActiveCfg = Debug|Win32
		{9B180C56-F9E3-4742-9E15-BE59C3C73C51}.Debug|Win32.Build.0 = Debug|Win32
		{9B180C56-F9E3-4742-9E15-BE59C3C73C51}.Release|Win32.ActiveCfg = Release|Win32
		{9B180C56-F9E3-4742-9E15-BE59C3C73C51}.Release|Win32.Build.0 = Release|Win32
	EndGlobalSection
	GlobalSection(SolutionProperties) = preSolution
		HideSolutionNode = FALSE
	EndGlobalSection
EndGlobal
